
Microsoft Visual Studio Solution File, Format Version 12.00
# Visual Studio Version 16
VisualStudioVersion = 25.0.1704.0
MinimumVisualStudioVersion = 10.0.40219.1
Project("{FAE04EC0-301F-11D3-BF4B-00C04F79EFBC}") = "UOToolBoxPlugin", "UOToolBoxPlugin.csproj", "{56B0332B-6B2E-45F3-97DA-CA28128AF740}"
EndProject
Global
	GlobalSection(SolutionConfigurationPlatforms) = preSolution
		Debug|Any CPU = Debug|Any CPU
		Release|Any CPU = Release|Any CPU
	EndGlobalSection
	GlobalSection(ProjectConfigurationPlatforms) = postSolution
		{56B0332B-6B2E-45F3-97DA-CA28128AF740}.Debug|Any CPU.ActiveCfg = Debug|Any CPU
		{56B0332B-6B2E-45F3-97DA-CA28128AF740}.Debug|Any CPU.Build.0 = Debug|Any CPU
		{56B0332B-6B2E-45F3-97DA-CA28128AF740}.Release|Any CPU.ActiveCfg = Release|Any CPU
		{56B0332B-6B2E-45F3-97DA-CA28128AF740}.Release|Any CPU.Build.0 = Release|Any CPU
	EndGlobalSection
	GlobalSection(SolutionProperties) = preSolution
		HideSolutionNode = FALSE
	EndGlobalSection
	GlobalSection(ExtensibilityGlobals) = postSolution
		SolutionGuid = {B0493CEB-9D3D-4B45-8C9E-CCD2C2ABAB52}
	EndGlobalSection
EndGlobal
